
Microsoft Visual Studio Solution File, Format Version 11.00
Project("{A7EB3C1F-3F65-480D-A709-DC41A4AA7709}") = "itext.samples", "itext\itext.samples\itext.samples.csproj", "{C0E65B6F-D2E0-4AE3-BAC2-0CD8C9F58A45}"
EndProject
Project("{A7EB3C1F-3F65-480D-A709-DC41A4AA7709}") = "itext.publications.highlevel", "itext\itext.publications\itext.publications.highlevel\itext.publications.highlevel.csproj", "{065CBFEA-AF4C-4D42-812D-B42C375B7AF7}"
EndProject
Project("{A7EB3C1F-3F65-480D-A709-DC41A4AA7709}") = "itext.publications.jumpstart", "itext\itext.publications\itext.publications.jumpstart\itext.publications.jumpstart.csproj", "{EEE84512-F6A8-4CD0-946B-6513D33FDEA1}"
EndProject
Project("{A7EB3C1F-3F65-480D-A709-DC41A4AA7709}") = "itext.publications.signatures", "itext\itext.publications\itext.publications.signatures\itext.publications.signatures.csproj", "{1AB95867-356A-4665-BBD6-B7E97F993970}"
EndProject
Project("{A7EB3C1F-3F65-480D-A709-DC41A4AA7709}") = "itext.publications.htmlsamples", "itext\itext.publications\itext.publications.htmlsamples\itext.publications.htmlsamples.csproj", "{68C80008-E363-466A-A5D3-1B870AB9B6D0}"
EndProject
Project("{A7EB3C1F-3F65-480D-A709-DC41A4AA7709}") = "itext.publications.signing-examples.aws-kms", "itext\itext.publications\itext.publications.signing-examples.aws-kms\itext.publications.signing-examples.aws-kms.csproj", "{4D366797-09DC-4BC8-8534-37C6095C406C}"
EndProject
Project("{A7EB3C1F-3F65-480D-A709-DC41A4AA7709}") = "itext.publications.signing-examples.aws-kms-test", "itext\itext.publications\itext.publications.signing-examples.aws-kms-test\itext.publications.signing-examples.aws-kms-test.csproj", "{4D366797-09DC-4BC8-8534-C37C6095C406}"
EndProject
Project("{A7EB3C1F-3F65-480D-A709-DC41A4AA7709}") = "itext.publications.signing-examples.cng-utimaco-test", "itext\itext.publications\itext.publications.signing-examples.cng-utimaco-test\itext.publications.signing-examples.cng-utimaco-test.csproj", "{4D366797-09DC-4BC8-8534-6C37C6095C40}"
EndProject
Project("{A7EB3C1F-3F65-480D-A709-DC41A4AA7709}") = "itext.publications.signing-examples.simple", "itext\itext.publications\itext.publications.signing-examples.simple\itext.publications.signing-examples.simple.csproj", "{4D366797-09DC-4BC8-8534-06C37C6095C4}"
EndProject
Project("{A7EB3C1F-3F65-480D-A709-DC41A4AA7709}") = "itext.publications.signing-examples.simple-test", "itext\itext.publications\itext.publications.signing-examples.simple-test\itext.publications.signing-examples.simple-test.csproj", "{4D366797-09DC-4BC8-8534-406C37C6095C}"
EndProject
Global
	GlobalSection(SolutionConfigurationPlatforms) = preSolution
		Debug|Any CPU = Debug|Any CPU
		Release|Any CPU = Release|Any CPU
	EndGlobalSection
	GlobalSection(ProjectConfigurationPlatforms) = postSolution
		{C0E65B6F-D2E0-4AE3-BAC2-0CD8C9F58A45}.Debug|Any CPU.ActiveCfg = Debug|Any CPU
		{C0E65B6F-D2E0-4AE3-BAC2-0CD8C9F58A45}.Debug|Any CPU.Build.0 = Debug|Any CPU
		{C0E65B6F-D2E0-4AE3-BAC2-0CD8C9F58A45}.Release|Any CPU.ActiveCfg = Release|Any CPU
		{C0E65B6F-D2E0-4AE3-BAC2-0CD8C9F58A45}.Release|Any CPU.Build.0 = Release|Any CPU
		{065CBFEA-AF4C-4D42-812D-B42C375B7AF7}.Debug|Any CPU.ActiveCfg = Debug|Any CPU
		{065CBFEA-AF4C-4D42-812D-B42C375B7AF7}.Debug|Any CPU.Build.0 = Debug|Any CPU
		{065CBFEA-AF4C-4D42-812D-B42C375B7AF7}.Release|Any CPU.ActiveCfg = Release|Any CPU
		{065CBFEA-AF4C-4D42-812D-B42C375B7AF7}.Release|Any CPU.Build.0 = Release|Any CPU
		{EEE84512-F6A8-4CD0-946B-6513D33FDEA1}.Debug|Any CPU.ActiveCfg = Debug|Any CPU
		{EEE84512-F6A8-4CD0-946B-6513D33FDEA1}.Debug|Any CPU.Build.0 = Debug|Any CPU
		{EEE84512-F6A8-4CD0-946B-6513D33FDEA1}.Release|Any CPU.ActiveCfg = Release|Any CPU
		{EEE84512-F6A8-4CD0-946B-6513D33FDEA1}.Release|Any CPU.Build.0 = Release|Any CPU
		{1AB95867-356A-4665-BBD6-B7E97F993970}.Debug|Any CPU.ActiveCfg = Debug|Any CPU
		{1AB95867-356A-4665-BBD6-B7E97F993970}.Debug|Any CPU.Build.0 = Debug|Any CPU
		{1AB95867-356A-4665-BBD6-B7E97F993970}.Release|Any CPU.ActiveCfg = Release|Any CPU
		{1AB95867-356A-4665-BBD6-B7E97F993970}.Release|Any CPU.Build.0 = Release|Any CPU
		{68C80008-E363-466A-A5D3-1B870AB9B6D0}.Debug|Any CPU.ActiveCfg = Debug|Any CPU
		{68C80008-E363-466A-A5D3-1B870AB9B6D0}.Debug|Any CPU.Build.0 = Debug|Any CPU
		{68C80008-E363-466A-A5D3-1B870AB9B6D0}.Release|Any CPU.ActiveCfg = Release|Any CPU
		{68C80008-E363-466A-A5D3-1B870AB9B6D0}.Release|Any CPU.Build.0 = Release|Any CPU
		{4D366797-09DC-4BC8-8534-37C6095C406C}.Debug|Any CPU.ActiveCfg = Debug|Any CPU
		{4D366797-09DC-4BC8-8534-37C6095C406C}.Debug|Any CPU.Build.0 = Debug|Any CPU
		{4D366797-09DC-4BC8-8534-37C6095C406C}.Release|Any CPU.ActiveCfg = Release|Any CPU
		{4D366797-09DC-4BC8-8534-37C6095C406C}.Release|Any CPU.Build.0 = Release|Any CPU
		{4D366797-09DC-4BC8-8534-C37C6095C406}.Debug|Any CPU.ActiveCfg = Debug|Any CPU
		{4D366797-09DC-4BC8-8534-C37C6095C406}.Debug|Any CPU.Build.0 = Debug|Any CPU
		{4D366797-09DC-4BC8-8534-C37C6095C406}.Release|Any CPU.ActiveCfg = Release|Any CPU
		{4D366797-09DC-4BC8-8534-C37C6095C406}.Release|Any CPU.Build.0 = Release|Any CPU
		{4D366797-09DC-4BC8-8534-6C37C6095C40}.Debug|Any CPU.ActiveCfg = Debug|Any CPU
		{4D366797-09DC-4BC8-8534-6C37C6095C40}.Debug|Any CPU.Build.0 = Debug|Any CPU
		{4D366797-09DC-4BC8-8534-6C37C6095C40}.Release|Any CPU.ActiveCfg = Release|Any CPU
		{4D366797-09DC-4BC8-8534-6C37C6095C40}.Release|Any CPU.Build.0 = Release|Any CPU
		{4D366797-09DC-4BC8-8534-06C37C6095C4}.Debug|Any CPU.ActiveCfg = Debug|Any CPU
		{4D366797-09DC-4BC8-8534-06C37C6095C4}.Debug|Any CPU.Build.0 = Debug|Any CPU
		{4D366797-09DC-4BC8-8534-06C37C6095C4}.Release|Any CPU.ActiveCfg = Release|Any CPU
		{4D366797-09DC-4BC8-8534-06C37C6095C4}.Release|Any CPU.Build.0 = Release|Any CPU
		{4D366797-09DC-4BC8-8534-406C37C6095C}.Debug|Any CPU.ActiveCfg = Debug|Any CPU
		{4D366797-09DC-4BC8-8534-406C37C6095C}.Debug|Any CPU.Build.0 = Debug|Any CPU
		{4D366797-09DC-4BC8-8534-406C37C6095C}.Release|Any CPU.ActiveCfg = Release|Any CPU
		{4D366797-09DC-4BC8-8534-406C37C6095C}.Release|Any CPU.Build.0 = Release|Any CPU
	EndGlobalSection
	GlobalSection(SolutionProperties) = preSolution
		HideSolutionNode = FALSE
	EndGlobalSection
EndGlobal
